{
  "version": "1.4.23",
  "lockfileVersion": 1,
  "requires": true,
  "dependencies": {
    "@channels-binding/core": {
      "version": "1.4.21",
      "resolved": "https://registry.npmjs.org/@channels-binding/core/-/core-1.4.21.tgz",
      "integrity": "sha512-fY7fiRdUn7NOT+GwSI+GkcPx90SKVGCqfo03Yb0L5Kl1hRxcXCTvxs+Y34FkAcq58lC/Elj94+4sr1YzUEYG0g=="
    }
  }
}
