{
  "version": "1.9.5",
  "lockfileVersion": 1,
  "requires": true,
  "dependencies": {
    "@channels-binding/core": {
      "version": "1.4.27",
      "resolved": "https://registry.npmjs.org/@channels-binding/core/-/core-1.4.27.tgz",
      "integrity": "sha512-YC2SrVXGP87xqxxQysrV53sBJdA1pkKvpw+ibRYrQRDhoCdvi7f1yq+zPaiBWOq2C270a6mC0anBw4nQ8hcCQQ=="
    }
  }
}
